
Microsoft Visual Studio Solution File, Format Version 12.00
# Visual Studio Version 16
VisualStudioVersion = 16.0.33529.622
MinimumVisualStudioVersion = 10.0.40219.1
Project("{FAE04EC0-301F-11D3-BF4B-00C04F79EFBC}") = "Prueba Técnica", "Prueba Técnica\Prueba Técnica.csproj", "{B3646AF6-0C34-4A1C-A7FD-D2DEE23477A9}"
EndProject
Global
	GlobalSection(SolutionConfigurationPlatforms) = preSolution
		Debug|Any CPU = Debug|Any CPU
		Release|Any CPU = Release|Any CPU
	EndGlobalSection
	GlobalSection(ProjectConfigurationPlatforms) = postSolution
		{B3646AF6-0C34-4A1C-A7FD-D2DEE23477A9}.Debug|Any CPU.ActiveCfg = Debug|Any CPU
		{B3646AF6-0C34-4A1C-A7FD-D2DEE23477A9}.Debug|Any CPU.Build.0 = Debug|Any CPU
		{B3646AF6-0C34-4A1C-A7FD-D2DEE23477A9}.Release|Any CPU.ActiveCfg = Release|Any CPU
		{B3646AF6-0C34-4A1C-A7FD-D2DEE23477A9}.Release|Any CPU.Build.0 = Release|Any CPU
	EndGlobalSection
	GlobalSection(SolutionProperties) = preSolution
		HideSolutionNode = FALSE
	EndGlobalSection
	GlobalSection(ExtensibilityGlobals) = postSolution
		SolutionGuid = {835BE95E-4967-4B26-8625-5DB01327B81D}
	EndGlobalSection
EndGlobal
